# This file is automatically @generated by Cargo.
# It is not intended for manual editing.
[[package]]
name = "chtk"
version = "0.1.0"
dependencies = [
 "chtk_rt",
 "chtk_sys_impl",
]

[[package]]
name = "chtk_rt"
version = "0.1.0"
dependencies = [
 "chtk_sys_api",
 "chtk_sys_impl",
]

[[package]]
name = "chtk_sys_api"
version = "0.1.0"

[[package]]
name = "chtk_sys_ckb"
version = "0.1.0"
dependencies = [
 "chtk_sys_api",
]

[[package]]
name = "chtk_sys_impl"
version = "0.1.0"
dependencies = [
 "chtk_sys_api",
 "chtk_sys_ckb",
 "chtk_sys_near",
 "chtk_sys_polkadot",
 "chtk_sys_solana",
]

[[package]]
name = "chtk_sys_near"
version = "0.1.0"
dependencies = [
 "chtk_sys_api",
]

[[package]]
name = "chtk_sys_polkadot"
version = "0.1.0"
dependencies = [
 "chtk_sys_api",
]

[[package]]
name = "chtk_sys_solana"
version = "0.1.0"
dependencies = [
 "chtk_sys_api",
]

[[package]]
name = "chtk_tool"
version = "0.1.0"
